
Microsoft Visual Studio Solution File, Format Version 12.00
# Visual Studio 15
VisualStudioVersion = 15.0.28010.2036
MinimumVisualStudioVersion = 10.0.40219.1
Project("{8BC9CEB8-8B4A-11D0-8D11-00A0C91BC942}") = "Lab2_2", "Lab2_2\Lab2_2.vcxproj", "{BAECA4DB-F00A-4FDC-9E53-236F09F918E9}"
EndProject
Global
	GlobalSection(SolutionConfigurationPlatforms) = preSolution
		Debug|x64 = Debug|x64
		Debug|x86 = Debug|x86
		Release|x64 = Release|x64
		Release|x86 = Release|x86
	EndGlobalSection
	GlobalSection(ProjectConfigurationPlatforms) = postSolution
		{BAECA4DB-F00A-4FDC-9E53-236F09F918E9}.Debug|x64.ActiveCfg = Debug|x64
		{BAECA4DB-F00A-4FDC-9E53-236F09F918E9}.Debug|x64.Build.0 = Debug|x64
		{BAECA4DB-F00A-4FDC-9E53-236F09F918E9}.Debug|x86.ActiveCfg = Debug|Win32
		{BAECA4DB-F00A-4FDC-9E53-236F09F918E9}.Debug|x86.Build.0 = Debug|Win32
		{BAECA4DB-F00A-4FDC-9E53-236F09F918E9}.Release|x64.ActiveCfg = Release|x64
		{BAECA4DB-F00A-4FDC-9E53-236F09F918E9}.Release|x64.Build.0 = Release|x64
		{BAECA4DB-F00A-4FDC-9E53-236F09F918E9}.Release|x86.ActiveCfg = Release|Win32
		{BAECA4DB-F00A-4FDC-9E53-236F09F918E9}.Release|x86.Build.0 = Release|Win32
	EndGlobalSection
	GlobalSection(SolutionProperties) = preSolution
		HideSolutionNode = FALSE
	EndGlobalSection
	GlobalSection(ExtensibilityGlobals) = postSolution
		SolutionGuid = {81A60DEA-F0A7-40F0-BA27-26C4C8334022}
	EndGlobalSection
EndGlobal
